schema: '2.0'
stages:
  update_common:
    cmd: python src/notes/stages/update_common.py
    deps:
    - path: data/common
      hash: md5
      md5: 039b9d05b5e2ac827b4b11f5dda53f64.dir
      size: 91068
      nfiles: 25
    - path: data/local/vaults/grad/.obsidian/plugins/mrj-text-expand/main.js
      hash: md5
      md5: a8e5418edfb65bd351629666a2fe474f
      size: 243217
    - path: data/local/vaults/personal/.obsidian/plugins/mrj-text-expand/main.js
      hash: md5
      md5: a8e5418edfb65bd351629666a2fe474f
      size: 243217
    - path: data/obsidian_common
      hash: md5
      md5: 8e2ed493ebf7fea0986a04ed1b2ac72c.dir
      size: 243217
      nfiles: 1
    - path: src/notes/stages/update_common.py
      hash: md5
      md5: 3f215da5013cacfdf8af9dbd979d10f0
      size: 440
  move_timestamped:
    cmd: python src/notes/stages/move_timestamped.py
    deps:
    - path: data/local/vaults/grad/_timestamped
      hash: md5
      md5: f4fa0e5f0d366e1ca081ff9e800807f2.dir
      size: 3411
      nfiles: 4
    - path: src/notes/stages/move_timestamped.py
      hash: md5
      md5: cf0ad16a51d967c6749679b50a6865a8
      size: 1828
  sync_grad_settings:
    cmd: python src/notes/stages/sync_settings.py --source grad
    deps:
    - path: data/local/vaults/grad/.obsidian/app.json
      hash: md5
      md5: 42cbf19621abb5e2753f3679ea8bd508
      size: 1728
    - path: data/local/vaults/grad/.obsidian/appearance.json
      hash: md5
      md5: 95c815ebd0255197f2016e9e1a30d36c
      size: 228
    - path: data/local/vaults/grad/.obsidian/backlink.json
      hash: md5
      md5: 94fdf272dc6145d7cb79129f1fc08914
      size: 34
    - path: data/local/vaults/grad/.obsidian/bookmarks.json
      hash: md5
      md5: acb6860304e8016f529d65bcfc2a45f6
      size: 694
    - path: data/local/vaults/grad/.obsidian/canvas.json
      hash: md5
      md5: d99b5f7110c82554153d7cf80a242066
      size: 85
    - path: data/local/vaults/grad/.obsidian/community-plugins.json
      hash: md5
      md5: 39e6983002399fb7e14571943a554644
      size: 657
    - path: data/local/vaults/grad/.obsidian/core-plugins-migration.json
      hash: md5
      md5: 0c89efddea176ec994d4a369dd0338bc
      size: 650
    - path: data/local/vaults/grad/.obsidian/core-plugins.json
      hash: md5
      md5: c24b3b0a3b7937652b1283cb7a580c2d
      size: 389
    - path: data/local/vaults/grad/.obsidian/daily-notes.json
      hash: md5
      md5: a85548cc9891deaeb960282ddeebb631
      size: 107
    - path: data/local/vaults/grad/.obsidian/global-search.json
      hash: md5
      md5: 621c60f362bb700bef31e2d61abafcaf
      size: 74
    - path: data/local/vaults/grad/.obsidian/graph.json
      hash: md5
      md5: e41b6c5086a66ed09c9e9715eabd094f
      size: 539
    - path: data/local/vaults/grad/.obsidian/hotkeys.json
      hash: md5
      md5: 16b7c88682833ceaac371f3267c57cc5
      size: 6319
    - path: data/local/vaults/grad/.obsidian/note-composer.json
      hash: md5
      md5: a83d1f223a19c551dbe7cac3bf29a737
      size: 70
    - path: data/local/vaults/grad/.obsidian/plugins/OA-file-hider/data.json
      hash: md5
      md5: 1649c477095444cc8ce1842943f921ff
      size: 41
    - path: data/local/vaults/grad/.obsidian/plugins/OA-file-hider/main.js
      hash: md5
      md5: 406e49818b11fc6afaa309ac5cb0be3f
      size: 7489
    - path: data/local/vaults/grad/.obsidian/plugins/OA-file-hider/manifest.json
      hash: md5
      md5: c12146004c513f32c61a9d43af98215a
      size: 324
    - path: data/local/vaults/grad/.obsidian/plugins/cmdr/data.json
      hash: md5
      md5: e88444d05828e1ebbb023cb5c2d993be
      size: 611
    - path: data/local/vaults/grad/.obsidian/plugins/cmdr/main.js
      hash: md5
      md5: e1496f90f24f71fe83881c14d16a198a
      size: 139451
    - path: data/local/vaults/grad/.obsidian/plugins/cmdr/manifest.json
      hash: md5
      md5: 0e2224b510df8454ffab0e8dd1730a6a
      size: 359
    - path: data/local/vaults/grad/.obsidian/plugins/cmdr/styles.css
      hash: md5
      md5: a75403bd9c8d2b8fe7a2d43e523514d2
      size: 9265
    - path: data/local/vaults/grad/.obsidian/plugins/dataview/data.json
      hash: md5
      md5: 792cee84f19bcd82f88dc6bb66f11d5d
      size: 807
    - path: data/local/vaults/grad/.obsidian/plugins/dataview/main.js
      hash: md5
      md5: 15610042c8194f06cd92afba2a8e6fcc
      size: 2352852
    - path: data/local/vaults/grad/.obsidian/plugins/dataview/manifest.json
      hash: md5
      md5: 75ebf9d7d275f16be242e5c14e67e68c
      size: 291
    - path: data/local/vaults/grad/.obsidian/plugins/dataview/styles.css
      hash: md5
      md5: 8833ca67520156cccc473f022a058238
      size: 3159
    - path: data/local/vaults/grad/.obsidian/plugins/folder-notes/data.json
      hash: md5
      md5: 70e917304a3a9e83d195f33c4d47c7e1
      size: 2174
    - path: data/local/vaults/grad/.obsidian/plugins/folder-notes/main.js
      hash: md5
      md5: f2fbb7f57dfa0d249d98ab194d3618ea
      size: 230531
    - path: data/local/vaults/grad/.obsidian/plugins/folder-notes/manifest.json
      hash: md5
      md5: e07b9352b251d343a9e3759321a520fe
      size: 453
    - path: data/local/vaults/grad/.obsidian/plugins/folder-notes/styles.css
      hash: md5
      md5: cca0ced7b15eb884c6c40cfd022b97da
      size: 4822
    - path: data/local/vaults/grad/.obsidian/plugins/mrj-text-expand/data.json
      hash: md5
      md5: 209ce3e8601da792a65682f3ac2bd38f
      size: 189
    - path: data/local/vaults/grad/.obsidian/plugins/mrj-text-expand/manifest.json
      hash: md5
      md5: 8fc25f1f0602f45945ac4a34e9fefe21
      size: 243
    - path: data/local/vaults/grad/.obsidian/plugins/obsidian-advanced-uri/main.js
      hash: md5
      md5: 758758899345c107b728725f6fc9a292
      size: 266162
    - path: data/local/vaults/grad/.obsidian/plugins/obsidian-advanced-uri/manifest.json
      hash: md5
      md5: cb93f7ee101fec64037890992abe307a
      size: 315
    - path: data/local/vaults/grad/.obsidian/plugins/obsidian-citation-plugin/data.json
      hash: md5
      md5: 4261082d712884bf0e54b3a3f9b07acf
      size: 412
    - path: data/local/vaults/grad/.obsidian/plugins/obsidian-citation-plugin/main.js
      hash: md5
      md5: 5d1be650afe62b7d16bbedc6a710a91b
      size: 5479115
    - path: data/local/vaults/grad/.obsidian/plugins/obsidian-citation-plugin/manifest.json
      hash: md5
      md5: 206373f782fd732c23aadd30b7b1043a
      size: 286
    - path: data/local/vaults/grad/.obsidian/plugins/obsidian-citation-plugin/styles.css
      hash: md5
      md5: 8c2ce568edcf8843a01dd904be5c05b4
      size: 2096
    - path: data/local/vaults/grad/.obsidian/plugins/obsidian-editor-shortcuts/main.js
      hash: md5
      md5: a24aacbd441e092f7232f2c1945f8b9a
      size: 42752
    - path: data/local/vaults/grad/.obsidian/plugins/obsidian-editor-shortcuts/manifest.json
      hash: md5
      md5: c2e19b5962a970df38cc4190fc4962ef
      size: 399
    - path: data/local/vaults/grad/.obsidian/plugins/obsidian-excalidraw-plugin/data.json
      hash: md5
      md5: aaa27037b6c5da8492e77e3728a0883e
      size: 10555
    - path: data/local/vaults/grad/.obsidian/plugins/obsidian-excalidraw-plugin/main.js
      hash: md5
      md5: ee05540234a27fc0c81b17cc71fd8621
      size: 4366611
    - path: 
        data/local/vaults/grad/.obsidian/plugins/obsidian-excalidraw-plugin/manifest.json
      hash: md5
      md5: 8b24ca49ce11fb9f7447be2252dee30f
      size: 416
    - path: data/local/vaults/grad/.obsidian/plugins/obsidian-excalidraw-plugin/styles.css
      hash: md5
      md5: 747b5288d62d92c295f6fea03463c4b8
      size: 438617
    - path: 
        data/local/vaults/grad/.obsidian/plugins/obsidian-front-matter-title-plugin/data.json
      hash: md5
      md5: 3693b8715363e3ed6db605fbba4bddd4
      size: 2058
    - path: 
        data/local/vaults/grad/.obsidian/plugins/obsidian-front-matter-title-plugin/main.js
      hash: md5
      md5: 98411022277a8c7762e1ecfdc0ccd1b8
      size: 421750
    - path: 
        data/local/vaults/grad/.obsidian/plugins/obsidian-front-matter-title-plugin/manifest.json
      hash: md5
      md5: fa4a07fb86bd8c438729dd1e970ae300
      size: 410
    - path: data/local/vaults/grad/.obsidian/plugins/obsidian-html-plugin/data.json
      hash: md5
      md5: 6a24ae91cafce1417d5bb7c37e6f3f5e
      size: 137
    - path: data/local/vaults/grad/.obsidian/plugins/obsidian-html-plugin/main.js
      hash: md5
      md5: 7c0d1df7f6d3a5732fb8ad8b12b1d8b8
      size: 1433432
    - path: data/local/vaults/grad/.obsidian/plugins/obsidian-html-plugin/manifest.json
      hash: md5
      md5: 6339b5314be3f8667bf515725679ccf8
      size: 362
    - path: data/local/vaults/grad/.obsidian/plugins/obsidian-link-converter/data.json
      hash: md5
      md5: 168903e49bf5b73fe7e109adf1f25eb8
      size: 109
    - path: data/local/vaults/grad/.obsidian/plugins/obsidian-link-converter/main.js
      hash: md5
      md5: c362e05a5ea1ed605cefce0f1bc4978a
      size: 50000
    - path: data/local/vaults/grad/.obsidian/plugins/obsidian-link-converter/manifest.json
      hash: md5
      md5: a1f43f56e9987cec563e9b27c713670f
      size: 336
    - path: data/local/vaults/grad/.obsidian/plugins/obsidian-link-converter/styles.css
      hash: md5
      md5: d59ac2ac361a71d50ff8c2b8f7088d51
      size: 65
    - path: data/local/vaults/grad/.obsidian/plugins/obsidian-linter/data.json
      hash: md5
      md5: 7add15426535ef1f905d2d9809aeb05a
      size: 9970
    - path: data/local/vaults/grad/.obsidian/plugins/obsidian-linter/main.js
      hash: md5
      md5: 76f26ebf5256cc8fbd5eef7c5d397975
      size: 1529308
    - path: data/local/vaults/grad/.obsidian/plugins/obsidian-linter/manifest.json
      hash: md5
      md5: bf475eaab7471532466d4fca91e8ff97
      size: 536
    - path: data/local/vaults/grad/.obsidian/plugins/obsidian-linter/styles.css
      hash: md5
      md5: d51968739bb19cc4d10a94a49840ef2c
      size: 5078
    - path: data/local/vaults/grad/.obsidian/plugins/obsidian-omnivore/data.json
      hash: md5
      md5: 24209fff75a68d0e24a8545a36ac9c40
      size: 986
    - path: data/local/vaults/grad/.obsidian/plugins/obsidian-omnivore/main.js
      hash: md5
      md5: 353d07230e327ccf88390895001d7fc5
      size: 533357
    - path: data/local/vaults/grad/.obsidian/plugins/obsidian-omnivore/manifest.json
      hash: md5
      md5: 37d25207d967cf1a0dd1ee36c971abb2
      size: 257
    - path: data/local/vaults/grad/.obsidian/plugins/obsidian-omnivore/styles.css
      hash: md5
      md5: ab2bc108eaa36a4b5ef9ad2f99ed0780
      size: 508
    - path: data/local/vaults/grad/.obsidian/plugins/obsidian-outliner/data.json
      hash: md5
      md5: 5d1c4f7ddd09fd73be529551e1153fe1
      size: 253
    - path: data/local/vaults/grad/.obsidian/plugins/obsidian-outliner/main.js
      hash: md5
      md5: 0c4bed30f4b13901f168188179bdf5bb
      size: 469756
    - path: data/local/vaults/grad/.obsidian/plugins/obsidian-outliner/manifest.json
      hash: md5
      md5: f514492e42efa74c1885fbfbe60bf287
      size: 285
    - path: data/local/vaults/grad/.obsidian/plugins/obsidian-outliner/styles.css
      hash: md5
      md5: 18f0df679118aa10927ad621c030925e
      size: 2163
    - path: data/local/vaults/grad/.obsidian/plugins/obsidian-pandoc/data.json
      hash: md5
      md5: da833540f9e915337ae18ae36e718cbf
      size: 365
    - path: data/local/vaults/grad/.obsidian/plugins/obsidian-pandoc/main.js
      hash: md5
      md5: dd35f06d7cd97e3ad63e67b86d80b3a1
      size: 324162
    - path: data/local/vaults/grad/.obsidian/plugins/obsidian-pandoc/manifest.json
      hash: md5
      md5: d29b42f5e6bf13b96137d874fc931f42
      size: 361
    - path: data/local/vaults/grad/.obsidian/plugins/obsidian-pandoc/styles.css
      hash: md5
      md5: 46fdea0a02b98c79233ff305cf166a96
      size: 42
    - path: data/local/vaults/grad/.obsidian/plugins/obsidian-plugin-toc/data.json
      hash: md5
      md5: 130ade15d675a66a633f8093896083cc
      size: 93
    - path: data/local/vaults/grad/.obsidian/plugins/obsidian-plugin-toc/main.js
      hash: md5
      md5: 2d841cf6f8fc03842ef32701a6ed55b7
      size: 21873
    - path: data/local/vaults/grad/.obsidian/plugins/obsidian-plugin-toc/manifest.json
      hash: md5
      md5: 3c21c5cfff02afc9d66fe196006b8811
      size: 286
    - path: data/local/vaults/grad/.obsidian/plugins/obsidian-shellcommands/data.json
      hash: md5
      md5: 3060d59bb22c246a38ba50c93bab7905
      size: 8543
    - path: data/local/vaults/grad/.obsidian/plugins/obsidian-shellcommands/main.js
      hash: md5
      md5: 6a4865da5e07f80991813e6043eaa116
      size: 2944770
    - path: data/local/vaults/grad/.obsidian/plugins/obsidian-shellcommands/manifest.json
      hash: md5
      md5: 10df707853aaa9119529a43fa5a5c85c
      size: 517
    - path: data/local/vaults/grad/.obsidian/plugins/obsidian-shellcommands/styles.css
      hash: md5
      md5: be43cb47a96a89a11e36ea9beb45c916
      size: 10163
    - path: data/local/vaults/grad/.obsidian/plugins/obsidian-style-settings/main.js
      hash: md5
      md5: c2aff7ec459f8830c14b18744744ec69
      size: 337374
    - path: data/local/vaults/grad/.obsidian/plugins/obsidian-style-settings/manifest.json
      hash: md5
      md5: 21dd34ce383d360a73f766f3cac88076
      size: 321
    - path: data/local/vaults/grad/.obsidian/plugins/obsidian-style-settings/styles.css
      hash: md5
      md5: ef1fca8bd107080939b79a91a2e8ad11
      size: 13906
    - path: data/local/vaults/grad/.obsidian/plugins/obsidian-trash-explorer/main.js
      hash: md5
      md5: ff14a1941b2d5eb18da7665e194c69e1
      size: 58169
    - path: data/local/vaults/grad/.obsidian/plugins/obsidian-trash-explorer/manifest.json
      hash: md5
      md5: 2fa26472e401ed7fd839984ac2d1fe3b
      size: 283
    - path: data/local/vaults/grad/.obsidian/plugins/obsidian-trash-explorer/styles.css
      hash: md5
      md5: 2facb40b75bd11e31ae52a02fd984782
      size: 767
    - path: data/local/vaults/grad/.obsidian/plugins/obsidian-zoom/data.json
      hash: md5
      md5: 490e44482acea4a9e98d538ce2f38584
      size: 73
    - path: data/local/vaults/grad/.obsidian/plugins/obsidian-zoom/main.js
      hash: md5
      md5: 06ba68a5454f670caa37217af09d6f4f
      size: 153899
    - path: data/local/vaults/grad/.obsidian/plugins/obsidian-zoom/manifest.json
      hash: md5
      md5: 2efe1f6050bb154c7865a1b9873654aa
      size: 250
    - path: data/local/vaults/grad/.obsidian/plugins/obsidian-zoom/styles.css
      hash: md5
      md5: c07ea83511bbae20f65aef22ff9bdfb7
      size: 913
    - path: 
        data/local/vaults/grad/.obsidian/plugins/obsidian-zotero-desktop-connector/data.json
      hash: md5
      md5: 550cb12d388640f94a30d052957fd059
      size: 348
    - path: 
        data/local/vaults/grad/.obsidian/plugins/obsidian-zotero-desktop-connector/main.js
      hash: md5
      md5: b47d77a4e4b13f7512c30dadac996f3e
      size: 1000001
    - path: 
        data/local/vaults/grad/.obsidian/plugins/obsidian-zotero-desktop-connector/manifest.json
      hash: md5
      md5: 23e72f5a347c9eef59a5e8bf33535ac7
      size: 350
    - path: 
        data/local/vaults/grad/.obsidian/plugins/obsidian-zotero-desktop-connector/styles.css
      hash: md5
      md5: 86b77025706f8894ee249846f8f99440
      size: 4172
    - path: data/local/vaults/grad/.obsidian/plugins/omnisearch/data.json
      hash: md5
      md5: 8fb7c63d97b2eb0954676a672a274c5e
      size: 838
    - path: data/local/vaults/grad/.obsidian/plugins/omnisearch/main.js
      hash: md5
      md5: a315dd312a1b91ca0d865f14a32177fe
      size: 221506
    - path: data/local/vaults/grad/.obsidian/plugins/omnisearch/manifest.json
      hash: md5
      md5: 4ed62490e6b7a716993e1a16b93328cc
      size: 392
    - path: data/local/vaults/grad/.obsidian/plugins/omnisearch/styles.css
      hash: md5
      md5: 5c26caba42d769ae38974ed5d6264cb8
      size: 1958
    - path: data/local/vaults/grad/.obsidian/plugins/reference-map/data.json
      hash: md5
      md5: 6bbeb73ed8476bacbf49efdb583356f2
      size: 1091
    - path: data/local/vaults/grad/.obsidian/plugins/reference-map/main.js
      hash: md5
      md5: 12453582636bb8067e342b56859c5542
      size: 4120184
    - path: data/local/vaults/grad/.obsidian/plugins/reference-map/manifest.json
      hash: md5
      md5: a59fc881600dcdb882bcb9211e675b03
      size: 321
    - path: data/local/vaults/grad/.obsidian/plugins/reference-map/styles.css
      hash: md5
      md5: 392b790546dc4a27aa5931663529c573
      size: 12682
    - path: data/local/vaults/grad/.obsidian/plugins/tag-wrangler/main.js
      hash: md5
      md5: bab2dd7e01535f9d5900e1fe75f888f2
      size: 114543
    - path: data/local/vaults/grad/.obsidian/plugins/tag-wrangler/manifest.json
      hash: md5
      md5: 3dcd81d2b0397310b89e05622ea11122
      size: 330
    - path: data/local/vaults/grad/.obsidian/plugins/tag-wrangler/styles.css
      hash: md5
      md5: b1349d662a79ee5417726e63bb4eab40
      size: 418
    - path: data/local/vaults/grad/.obsidian/plugins/templater-obsidian/data.json
      hash: md5
      md5: 4c35d3655cf7ea300a45aac6d08e89ba
      size: 634
    - path: data/local/vaults/grad/.obsidian/plugins/templater-obsidian/main.js
      hash: md5
      md5: 9e001876caf9b4fbb5583db4cb191eb9
      size: 292773
    - path: data/local/vaults/grad/.obsidian/plugins/templater-obsidian/manifest.json
      hash: md5
      md5: f85dbc726713dfa7c19d7c2c649dee2f
      size: 329
    - path: data/local/vaults/grad/.obsidian/plugins/templater-obsidian/styles.css
      hash: md5
      md5: 8ee80c1099ded481c5169a81f2b4fb99
      size: 4811
    - path: data/local/vaults/grad/.obsidian/plugins/text-extractor/data.json
      hash: md5
      md5: 470f6cde7401c91761bf34bb98351254
      size: 63
    - path: data/local/vaults/grad/.obsidian/plugins/text-extractor/main.js
      hash: md5
      md5: b5550cba5f6fb8fb141466702e0874fb
      size: 1486715
    - path: data/local/vaults/grad/.obsidian/plugins/text-extractor/manifest.json
      hash: md5
      md5: 7d9f7e7d002aaae0b1ee40843e9c8a81
      size: 444
    - path: data/local/vaults/grad/.obsidian/snippets/callouts.css
      hash: md5
      md5: b9164e710e11160a23fc1ea0ed5f86c0
      size: 218
    - path: data/local/vaults/grad/.obsidian/snippets/canvas.css
      hash: md5
      md5: af316b01bdcbee04da86a4319e2f9ecb
      size: 48
    - path: data/local/vaults/grad/.obsidian/snippets/checkbox.css
      hash: md5
      md5: 55b031ed0abbe60244d9f889333531ec
      size: 292
    - path: data/local/vaults/grad/.obsidian/starred.json
      hash: md5
      md5: c6b4a0e464a8ef1d2fcedea6424bda66
      size: 18
    - path: data/local/vaults/grad/.obsidian/templates.json
      hash: md5
      md5: 170c813865c4a8554eb6ba931c1a1d71
      size: 102
    - path: data/local/vaults/grad/.obsidian/zk-prefixer.json
      hash: md5
      md5: 612201a8b16256a3a132d37e679abb6a
      size: 104
    - path: src/notes/stages/sync_settings.py
      hash: md5
      md5: 9d756c79c670902f7f4df6cb2d3f5e06
      size: 5170
  sync_personal_settings:
    cmd: python src/notes/stages/sync_settings.py --source personal
    deps:
    - path: data/local/vaults/personal/.obsidian/app.json
      hash: md5
      md5: 42cbf19621abb5e2753f3679ea8bd508
      size: 1728
    - path: data/local/vaults/personal/.obsidian/appearance.json
      hash: md5
      md5: 95c815ebd0255197f2016e9e1a30d36c
      size: 228
    - path: data/local/vaults/personal/.obsidian/backlink.json
      hash: md5
      md5: 94fdf272dc6145d7cb79129f1fc08914
      size: 34
    - path: data/local/vaults/personal/.obsidian/bookmarks.json
      hash: md5
      md5: acb6860304e8016f529d65bcfc2a45f6
      size: 694
    - path: data/local/vaults/personal/.obsidian/canvas.json
      hash: md5
      md5: d99b5f7110c82554153d7cf80a242066
      size: 85
    - path: data/local/vaults/personal/.obsidian/community-plugins.json
      hash: md5
      md5: 39e6983002399fb7e14571943a554644
      size: 657
    - path: data/local/vaults/personal/.obsidian/core-plugins-migration.json
      hash: md5
      md5: 0c89efddea176ec994d4a369dd0338bc
      size: 650
    - path: data/local/vaults/personal/.obsidian/core-plugins.json
      hash: md5
      md5: c24b3b0a3b7937652b1283cb7a580c2d
      size: 389
    - path: data/local/vaults/personal/.obsidian/daily-notes.json
      hash: md5
      md5: a85548cc9891deaeb960282ddeebb631
      size: 107
    - path: data/local/vaults/personal/.obsidian/global-search.json
      hash: md5
      md5: 621c60f362bb700bef31e2d61abafcaf
      size: 74
    - path: data/local/vaults/personal/.obsidian/graph.json
      hash: md5
      md5: e41b6c5086a66ed09c9e9715eabd094f
      size: 539
    - path: data/local/vaults/personal/.obsidian/hotkeys.json
      hash: md5
      md5: 16b7c88682833ceaac371f3267c57cc5
      size: 6319
    - path: data/local/vaults/personal/.obsidian/note-composer.json
      hash: md5
      md5: a83d1f223a19c551dbe7cac3bf29a737
      size: 70
    - path: data/local/vaults/personal/.obsidian/plugins/OA-file-hider/data.json
      hash: md5
      md5: 1649c477095444cc8ce1842943f921ff
      size: 41
    - path: data/local/vaults/personal/.obsidian/plugins/OA-file-hider/main.js
      hash: md5
      md5: 406e49818b11fc6afaa309ac5cb0be3f
      size: 7489
    - path: data/local/vaults/personal/.obsidian/plugins/OA-file-hider/manifest.json
      hash: md5
      md5: c12146004c513f32c61a9d43af98215a
      size: 324
    - path: data/local/vaults/personal/.obsidian/plugins/cmdr/data.json
      hash: md5
      md5: e88444d05828e1ebbb023cb5c2d993be
      size: 611
    - path: data/local/vaults/personal/.obsidian/plugins/cmdr/main.js
      hash: md5
      md5: e1496f90f24f71fe83881c14d16a198a
      size: 139451
    - path: data/local/vaults/personal/.obsidian/plugins/cmdr/manifest.json
      hash: md5
      md5: 0e2224b510df8454ffab0e8dd1730a6a
      size: 359
    - path: data/local/vaults/personal/.obsidian/plugins/cmdr/styles.css
      hash: md5
      md5: a75403bd9c8d2b8fe7a2d43e523514d2
      size: 9265
    - path: data/local/vaults/personal/.obsidian/plugins/dataview/data.json
      hash: md5
      md5: 792cee84f19bcd82f88dc6bb66f11d5d
      size: 807
    - path: data/local/vaults/personal/.obsidian/plugins/dataview/main.js
      hash: md5
      md5: 15610042c8194f06cd92afba2a8e6fcc
      size: 2352852
    - path: data/local/vaults/personal/.obsidian/plugins/dataview/manifest.json
      hash: md5
      md5: 75ebf9d7d275f16be242e5c14e67e68c
      size: 291
    - path: data/local/vaults/personal/.obsidian/plugins/dataview/styles.css
      hash: md5
      md5: 8833ca67520156cccc473f022a058238
      size: 3159
    - path: data/local/vaults/personal/.obsidian/plugins/folder-notes/data.json
      hash: md5
      md5: 70e917304a3a9e83d195f33c4d47c7e1
      size: 2174
    - path: data/local/vaults/personal/.obsidian/plugins/folder-notes/main.js
      hash: md5
      md5: f2fbb7f57dfa0d249d98ab194d3618ea
      size: 230531
    - path: data/local/vaults/personal/.obsidian/plugins/folder-notes/manifest.json
      hash: md5
      md5: e07b9352b251d343a9e3759321a520fe
      size: 453
    - path: data/local/vaults/personal/.obsidian/plugins/folder-notes/styles.css
      hash: md5
      md5: cca0ced7b15eb884c6c40cfd022b97da
      size: 4822
    - path: data/local/vaults/personal/.obsidian/plugins/mrj-text-expand/data.json
      hash: md5
      md5: 209ce3e8601da792a65682f3ac2bd38f
      size: 189
    - path: data/local/vaults/personal/.obsidian/plugins/mrj-text-expand/manifest.json
      hash: md5
      md5: 8fc25f1f0602f45945ac4a34e9fefe21
      size: 243
    - path: data/local/vaults/personal/.obsidian/plugins/obsidian-advanced-uri/main.js
      hash: md5
      md5: 758758899345c107b728725f6fc9a292
      size: 266162
    - path: data/local/vaults/personal/.obsidian/plugins/obsidian-advanced-uri/manifest.json
      hash: md5
      md5: cb93f7ee101fec64037890992abe307a
      size: 315
    - path: data/local/vaults/personal/.obsidian/plugins/obsidian-citation-plugin/data.json
      hash: md5
      md5: 4261082d712884bf0e54b3a3f9b07acf
      size: 412
    - path: data/local/vaults/personal/.obsidian/plugins/obsidian-citation-plugin/main.js
      hash: md5
      md5: 5d1be650afe62b7d16bbedc6a710a91b
      size: 5479115
    - path: 
        data/local/vaults/personal/.obsidian/plugins/obsidian-citation-plugin/manifest.json
      hash: md5
      md5: 206373f782fd732c23aadd30b7b1043a
      size: 286
    - path: data/local/vaults/personal/.obsidian/plugins/obsidian-citation-plugin/styles.css
      hash: md5
      md5: 8c2ce568edcf8843a01dd904be5c05b4
      size: 2096
    - path: data/local/vaults/personal/.obsidian/plugins/obsidian-editor-shortcuts/main.js
      hash: md5
      md5: a24aacbd441e092f7232f2c1945f8b9a
      size: 42752
    - path: 
        data/local/vaults/personal/.obsidian/plugins/obsidian-editor-shortcuts/manifest.json
      hash: md5
      md5: c2e19b5962a970df38cc4190fc4962ef
      size: 399
    - path: 
        data/local/vaults/personal/.obsidian/plugins/obsidian-excalidraw-plugin/data.json
      hash: md5
      md5: aaa27037b6c5da8492e77e3728a0883e
      size: 10555
    - path: data/local/vaults/personal/.obsidian/plugins/obsidian-excalidraw-plugin/main.js
      hash: md5
      md5: ee05540234a27fc0c81b17cc71fd8621
      size: 4366611
    - path: 
        data/local/vaults/personal/.obsidian/plugins/obsidian-excalidraw-plugin/manifest.json
      hash: md5
      md5: 8b24ca49ce11fb9f7447be2252dee30f
      size: 416
    - path: 
        data/local/vaults/personal/.obsidian/plugins/obsidian-excalidraw-plugin/styles.css
      hash: md5
      md5: 747b5288d62d92c295f6fea03463c4b8
      size: 438617
    - path: 
        data/local/vaults/personal/.obsidian/plugins/obsidian-front-matter-title-plugin/data.json
      hash: md5
      md5: 3693b8715363e3ed6db605fbba4bddd4
      size: 2058
    - path: 
        data/local/vaults/personal/.obsidian/plugins/obsidian-front-matter-title-plugin/main.js
      hash: md5
      md5: 98411022277a8c7762e1ecfdc0ccd1b8
      size: 421750
    - path: 
        data/local/vaults/personal/.obsidian/plugins/obsidian-front-matter-title-plugin/manifest.json
      hash: md5
      md5: fa4a07fb86bd8c438729dd1e970ae300
      size: 410
    - path: data/local/vaults/personal/.obsidian/plugins/obsidian-html-plugin/data.json
      hash: md5
      md5: 6a24ae91cafce1417d5bb7c37e6f3f5e
      size: 137
    - path: data/local/vaults/personal/.obsidian/plugins/obsidian-html-plugin/main.js
      hash: md5
      md5: 7c0d1df7f6d3a5732fb8ad8b12b1d8b8
      size: 1433432
    - path: data/local/vaults/personal/.obsidian/plugins/obsidian-html-plugin/manifest.json
      hash: md5
      md5: 6339b5314be3f8667bf515725679ccf8
      size: 362
    - path: data/local/vaults/personal/.obsidian/plugins/obsidian-link-converter/data.json
      hash: md5
      md5: 168903e49bf5b73fe7e109adf1f25eb8
      size: 109
    - path: data/local/vaults/personal/.obsidian/plugins/obsidian-link-converter/main.js
      hash: md5
      md5: c362e05a5ea1ed605cefce0f1bc4978a
      size: 50000
    - path: 
        data/local/vaults/personal/.obsidian/plugins/obsidian-link-converter/manifest.json
      hash: md5
      md5: a1f43f56e9987cec563e9b27c713670f
      size: 336
    - path: data/local/vaults/personal/.obsidian/plugins/obsidian-link-converter/styles.css
      hash: md5
      md5: d59ac2ac361a71d50ff8c2b8f7088d51
      size: 65
    - path: data/local/vaults/personal/.obsidian/plugins/obsidian-linter/data.json
      hash: md5
      md5: 7add15426535ef1f905d2d9809aeb05a
      size: 9970
    - path: data/local/vaults/personal/.obsidian/plugins/obsidian-linter/main.js
      hash: md5
      md5: 76f26ebf5256cc8fbd5eef7c5d397975
      size: 1529308
    - path: data/local/vaults/personal/.obsidian/plugins/obsidian-linter/manifest.json
      hash: md5
      md5: bf475eaab7471532466d4fca91e8ff97
      size: 536
    - path: data/local/vaults/personal/.obsidian/plugins/obsidian-linter/styles.css
      hash: md5
      md5: d51968739bb19cc4d10a94a49840ef2c
      size: 5078
    - path: data/local/vaults/personal/.obsidian/plugins/obsidian-omnivore/data.json
      hash: md5
      md5: 24209fff75a68d0e24a8545a36ac9c40
      size: 986
    - path: data/local/vaults/personal/.obsidian/plugins/obsidian-omnivore/main.js
      hash: md5
      md5: 353d07230e327ccf88390895001d7fc5
      size: 533357
    - path: data/local/vaults/personal/.obsidian/plugins/obsidian-omnivore/manifest.json
      hash: md5
      md5: 37d25207d967cf1a0dd1ee36c971abb2
      size: 257
    - path: data/local/vaults/personal/.obsidian/plugins/obsidian-omnivore/styles.css
      hash: md5
      md5: ab2bc108eaa36a4b5ef9ad2f99ed0780
      size: 508
    - path: data/local/vaults/personal/.obsidian/plugins/obsidian-outliner/data.json
      hash: md5
      md5: 5d1c4f7ddd09fd73be529551e1153fe1
      size: 253
    - path: data/local/vaults/personal/.obsidian/plugins/obsidian-outliner/main.js
      hash: md5
      md5: 0c4bed30f4b13901f168188179bdf5bb
      size: 469756
    - path: data/local/vaults/personal/.obsidian/plugins/obsidian-outliner/manifest.json
      hash: md5
      md5: f514492e42efa74c1885fbfbe60bf287
      size: 285
    - path: data/local/vaults/personal/.obsidian/plugins/obsidian-outliner/styles.css
      hash: md5
      md5: 18f0df679118aa10927ad621c030925e
      size: 2163
    - path: data/local/vaults/personal/.obsidian/plugins/obsidian-pandoc/data.json
      hash: md5
      md5: da833540f9e915337ae18ae36e718cbf
      size: 365
    - path: data/local/vaults/personal/.obsidian/plugins/obsidian-pandoc/main.js
      hash: md5
      md5: dd35f06d7cd97e3ad63e67b86d80b3a1
      size: 324162
    - path: data/local/vaults/personal/.obsidian/plugins/obsidian-pandoc/manifest.json
      hash: md5
      md5: d29b42f5e6bf13b96137d874fc931f42
      size: 361
    - path: data/local/vaults/personal/.obsidian/plugins/obsidian-pandoc/styles.css
      hash: md5
      md5: 46fdea0a02b98c79233ff305cf166a96
      size: 42
    - path: data/local/vaults/personal/.obsidian/plugins/obsidian-plugin-toc/data.json
      hash: md5
      md5: 130ade15d675a66a633f8093896083cc
      size: 93
    - path: data/local/vaults/personal/.obsidian/plugins/obsidian-plugin-toc/main.js
      hash: md5
      md5: 2d841cf6f8fc03842ef32701a6ed55b7
      size: 21873
    - path: data/local/vaults/personal/.obsidian/plugins/obsidian-plugin-toc/manifest.json
      hash: md5
      md5: 3c21c5cfff02afc9d66fe196006b8811
      size: 286
    - path: data/local/vaults/personal/.obsidian/plugins/obsidian-shellcommands/data.json
      hash: md5
      md5: 12932f7c36b61997b102918dc7d9d9ef
      size: 8543
    - path: data/local/vaults/personal/.obsidian/plugins/obsidian-shellcommands/main.js
      hash: md5
      md5: 6a4865da5e07f80991813e6043eaa116
      size: 2944770
    - path: 
        data/local/vaults/personal/.obsidian/plugins/obsidian-shellcommands/manifest.json
      hash: md5
      md5: 10df707853aaa9119529a43fa5a5c85c
      size: 517
    - path: data/local/vaults/personal/.obsidian/plugins/obsidian-shellcommands/styles.css
      hash: md5
      md5: be43cb47a96a89a11e36ea9beb45c916
      size: 10163
    - path: data/local/vaults/personal/.obsidian/plugins/obsidian-style-settings/main.js
      hash: md5
      md5: c2aff7ec459f8830c14b18744744ec69
      size: 337374
    - path: 
        data/local/vaults/personal/.obsidian/plugins/obsidian-style-settings/manifest.json
      hash: md5
      md5: 21dd34ce383d360a73f766f3cac88076
      size: 321
    - path: data/local/vaults/personal/.obsidian/plugins/obsidian-style-settings/styles.css
      hash: md5
      md5: ef1fca8bd107080939b79a91a2e8ad11
      size: 13906
    - path: data/local/vaults/personal/.obsidian/plugins/obsidian-trash-explorer/main.js
      hash: md5
      md5: ff14a1941b2d5eb18da7665e194c69e1
      size: 58169
    - path: 
        data/local/vaults/personal/.obsidian/plugins/obsidian-trash-explorer/manifest.json
      hash: md5
      md5: 2fa26472e401ed7fd839984ac2d1fe3b
      size: 283
    - path: data/local/vaults/personal/.obsidian/plugins/obsidian-trash-explorer/styles.css
      hash: md5
      md5: 2facb40b75bd11e31ae52a02fd984782
      size: 767
    - path: data/local/vaults/personal/.obsidian/plugins/obsidian-zoom/data.json
      hash: md5
      md5: 490e44482acea4a9e98d538ce2f38584
      size: 73
    - path: data/local/vaults/personal/.obsidian/plugins/obsidian-zoom/main.js
      hash: md5
      md5: 06ba68a5454f670caa37217af09d6f4f
      size: 153899
    - path: data/local/vaults/personal/.obsidian/plugins/obsidian-zoom/manifest.json
      hash: md5
      md5: 2efe1f6050bb154c7865a1b9873654aa
      size: 250
    - path: data/local/vaults/personal/.obsidian/plugins/obsidian-zoom/styles.css
      hash: md5
      md5: c07ea83511bbae20f65aef22ff9bdfb7
      size: 913
    - path: 
        data/local/vaults/personal/.obsidian/plugins/obsidian-zotero-desktop-connector/data.json
      hash: md5
      md5: 550cb12d388640f94a30d052957fd059
      size: 348
    - path: 
        data/local/vaults/personal/.obsidian/plugins/obsidian-zotero-desktop-connector/main.js
      hash: md5
      md5: b47d77a4e4b13f7512c30dadac996f3e
      size: 1000001
    - path: 
        data/local/vaults/personal/.obsidian/plugins/obsidian-zotero-desktop-connector/manifest.json
      hash: md5
      md5: 23e72f5a347c9eef59a5e8bf33535ac7
      size: 350
    - path: 
        data/local/vaults/personal/.obsidian/plugins/obsidian-zotero-desktop-connector/styles.css
      hash: md5
      md5: 86b77025706f8894ee249846f8f99440
      size: 4172
    - path: data/local/vaults/personal/.obsidian/plugins/omnisearch/data.json
      hash: md5
      md5: 8fb7c63d97b2eb0954676a672a274c5e
      size: 838
    - path: data/local/vaults/personal/.obsidian/plugins/omnisearch/main.js
      hash: md5
      md5: a315dd312a1b91ca0d865f14a32177fe
      size: 221506
    - path: data/local/vaults/personal/.obsidian/plugins/omnisearch/manifest.json
      hash: md5
      md5: 4ed62490e6b7a716993e1a16b93328cc
      size: 392
    - path: data/local/vaults/personal/.obsidian/plugins/omnisearch/styles.css
      hash: md5
      md5: 5c26caba42d769ae38974ed5d6264cb8
      size: 1958
    - path: data/local/vaults/personal/.obsidian/plugins/reference-map/data.json
      hash: md5
      md5: 6bbeb73ed8476bacbf49efdb583356f2
      size: 1091
    - path: data/local/vaults/personal/.obsidian/plugins/reference-map/main.js
      hash: md5
      md5: 12453582636bb8067e342b56859c5542
      size: 4120184
    - path: data/local/vaults/personal/.obsidian/plugins/reference-map/manifest.json
      hash: md5
      md5: a59fc881600dcdb882bcb9211e675b03
      size: 321
    - path: data/local/vaults/personal/.obsidian/plugins/reference-map/styles.css
      hash: md5
      md5: 392b790546dc4a27aa5931663529c573
      size: 12682
    - path: data/local/vaults/personal/.obsidian/plugins/tag-wrangler/main.js
      hash: md5
      md5: bab2dd7e01535f9d5900e1fe75f888f2
      size: 114543
    - path: data/local/vaults/personal/.obsidian/plugins/tag-wrangler/manifest.json
      hash: md5
      md5: 3dcd81d2b0397310b89e05622ea11122
      size: 330
    - path: data/local/vaults/personal/.obsidian/plugins/tag-wrangler/styles.css
      hash: md5
      md5: b1349d662a79ee5417726e63bb4eab40
      size: 418
    - path: data/local/vaults/personal/.obsidian/plugins/templater-obsidian/data.json
      hash: md5
      md5: 4c35d3655cf7ea300a45aac6d08e89ba
      size: 634
    - path: data/local/vaults/personal/.obsidian/plugins/templater-obsidian/main.js
      hash: md5
      md5: 9e001876caf9b4fbb5583db4cb191eb9
      size: 292773
    - path: data/local/vaults/personal/.obsidian/plugins/templater-obsidian/manifest.json
      hash: md5
      md5: f85dbc726713dfa7c19d7c2c649dee2f
      size: 329
    - path: data/local/vaults/personal/.obsidian/plugins/templater-obsidian/styles.css
      hash: md5
      md5: 8ee80c1099ded481c5169a81f2b4fb99
      size: 4811
    - path: data/local/vaults/personal/.obsidian/plugins/text-extractor/data.json
      hash: md5
      md5: 470f6cde7401c91761bf34bb98351254
      size: 63
    - path: data/local/vaults/personal/.obsidian/plugins/text-extractor/main.js
      hash: md5
      md5: b5550cba5f6fb8fb141466702e0874fb
      size: 1486715
    - path: data/local/vaults/personal/.obsidian/plugins/text-extractor/manifest.json
      hash: md5
      md5: 7d9f7e7d002aaae0b1ee40843e9c8a81
      size: 444
    - path: data/local/vaults/personal/.obsidian/snippets/callouts.css
      hash: md5
      md5: b9164e710e11160a23fc1ea0ed5f86c0
      size: 218
    - path: data/local/vaults/personal/.obsidian/snippets/canvas.css
      hash: md5
      md5: af316b01bdcbee04da86a4319e2f9ecb
      size: 48
    - path: data/local/vaults/personal/.obsidian/snippets/checkbox.css
      hash: md5
      md5: 55b031ed0abbe60244d9f889333531ec
      size: 292
    - path: data/local/vaults/personal/.obsidian/starred.json
      hash: md5
      md5: c6b4a0e464a8ef1d2fcedea6424bda66
      size: 18
    - path: data/local/vaults/personal/.obsidian/templates.json
      hash: md5
      md5: 170c813865c4a8554eb6ba931c1a1d71
      size: 102
    - path: data/local/vaults/personal/.obsidian/zk-prefixer.json
      hash: md5
      md5: 612201a8b16256a3a132d37e679abb6a
      size: 104
    - path: src/notes/stages/sync_settings.py
      hash: md5
      md5: 9d756c79c670902f7f4df6cb2d3f5e06
      size: 5170
