schema: '2.0'
stages:
  temp:
    cmd: echo hello
  update_common:
    cmd: python -m notes.stages.update_common
    deps:
    - path: data/common
      hash: md5
      md5: 5e1d0d8800c5227dbdf1642c6f26f097.dir
      size: 88911
      nfiles: 25
    - path: data/local/vaults/grad/.obsidian/plugins/mrj-text-expand/main.js
      hash: md5
      md5: da8c57150473ab4c8920fe48c7404a27
      size: 241612
    - path: data/local/vaults/personal/.obsidian/plugins/mrj-text-expand/main.js
      hash: md5
      md5: da8c57150473ab4c8920fe48c7404a27
      size: 241612
    - path: data/obsidian_common
      hash: md5
      md5: 957b187e194623b1bed6c13a8b93ef2b.dir
      size: 241612
      nfiles: 1
    - path: src/notes/models
      hash: md5
      md5: 5b3ae6b25a8b6664a0d0e03cf1f10d92.dir
      size: 6990
      nfiles: 3
    - path: src/notes/stages/update_common.py
      hash: md5
      md5: dc226e0d05b4abfe2246e315dbc5045e
      size: 435
    outs:
    - path: data/local/vaults/grad/.scripts
      hash: md5
      md5: b099b61846a426a4841b9bd75aefa485.dir
      size: 85881
      nfiles: 22
    - path: data/local/vaults/grad/.vscode
      hash: md5
      md5: f829b66d4e1484801941cc4363e6c6ce.dir
      size: 3030
      nfiles: 3
    - path: data/local/vaults/personal/.scripts
      hash: md5
      md5: b099b61846a426a4841b9bd75aefa485.dir
      size: 85881
      nfiles: 22
    - path: data/local/vaults/personal/.vscode
      hash: md5
      md5: f829b66d4e1484801941cc4363e6c6ce.dir
      size: 3030
      nfiles: 3
