schema: '2.0'
stages:
  temp:
    cmd: echo hello
  update_common:
    cmd: python -m notes.stages.update_common
    deps:
    - path: data/common
      hash: md5
      md5: 563ab22c1c0173819b3a32012ecb4c5e.dir
      size: 91028
      nfiles: 25
    - path: data/local/vaults/grad/.obsidian/plugins/mrj-text-expand/main.js
      hash: md5
      md5: a8e5418edfb65bd351629666a2fe474f
      size: 243217
    - path: data/local/vaults/personal/.obsidian/plugins/mrj-text-expand/main.js
      hash: md5
      md5: a8e5418edfb65bd351629666a2fe474f
      size: 243217
    - path: data/obsidian_common
      hash: md5
      md5: 8e2ed493ebf7fea0986a04ed1b2ac72c.dir
      size: 243217
      nfiles: 1
    - path: src/notes/models
      hash: md5
      md5: 5b3ae6b25a8b6664a0d0e03cf1f10d92.dir
      size: 6990
      nfiles: 3
    - path: src/notes/stages/update_common.py
      hash: md5
      md5: dc226e0d05b4abfe2246e315dbc5045e
      size: 435
    outs:
    - path: data/local/vaults/grad/.scripts
      hash: md5
      md5: bebbffd01f595a0b1721ab0267a37406.dir
      size: 87998
      nfiles: 22
    - path: data/local/vaults/grad/.vscode
      hash: md5
      md5: f829b66d4e1484801941cc4363e6c6ce.dir
      size: 3030
      nfiles: 3
    - path: data/local/vaults/personal/.scripts
      hash: md5
      md5: bebbffd01f595a0b1721ab0267a37406.dir
      size: 87998
      nfiles: 22
    - path: data/local/vaults/personal/.vscode
      hash: md5
      md5: f829b66d4e1484801941cc4363e6c6ce.dir
      size: 3030
      nfiles: 3
